
Microsoft Visual Studio Solution File, Format Version 12.00
# Visual Studio 14
VisualStudioVersion = 14.0.22823.1
MinimumVisualStudioVersion = 10.0.40219.1
Project("{2150E333-8FDC-42A3-9474-1A3956D46DE8}") = "01-Reference Aliases", "01-Reference Aliases", "{0090C6D1-1D18-4108-83D3-4128A9F051F9}"
EndProject
Project("{2150E333-8FDC-42A3-9474-1A3956D46DE8}") = "02-Type Forwarding", "02-Type Forwarding", "{826D2C4B-6D1D-4B31-8D97-70E9246075B3}"
EndProject
Project("{2150E333-8FDC-42A3-9474-1A3956D46DE8}") = "03-Indexes with parameters", "03-Indexes with parameters", "{019A4D86-9580-42CF-93E4-C7D816B815FC}"
EndProject
Project("{2150E333-8FDC-42A3-9474-1A3956D46DE8}") = "04-Dynamic Hash", "04-Dynamic Hash", "{41FDF3DF-6DC5-43D5-B934-00952AD3D824}"
EndProject
Project("{2150E333-8FDC-42A3-9474-1A3956D46DE8}") = "05-Math.Round", "05-Math.Round", "{C463D193-C398-4204-AB1D-D3571930795A}"
EndProject
Project("{2150E333-8FDC-42A3-9474-1A3956D46DE8}") = "06-This Struct", "06-This Struct", "{8B91C7E7-FA00-4745-AF20-8C5CD4D47D17}"
EndProject
Project("{2150E333-8FDC-42A3-9474-1A3956D46DE8}") = "07-Recursive Generics", "07-Recursive Generics", "{24C4A29F-C283-433B-A8B1-E517F3C2697A}"
EndProject
Project("{2150E333-8FDC-42A3-9474-1A3956D46DE8}") = "08-Closure variables", "08-Closure variables", "{9CF2D123-5781-44BE-BDE6-5E892CFBFAA3}"
EndProject
Project("{2150E333-8FDC-42A3-9474-1A3956D46DE8}") = "09-Code Contract mirrors", "09-Code Contract mirrors", "{84604EFC-97FB-4C97-A85B-76E274227E12}"
EndProject
Project("{2150E333-8FDC-42A3-9474-1A3956D46DE8}") = "10-aspnet_intern", "10-aspnet_intern", "{09A98156-6E76-4FE1-B3F2-73CC7BE8AE45}"
EndProject
Project("{2150E333-8FDC-42A3-9474-1A3956D46DE8}") = "11-VS Extensions", "11-VS Extensions", "{448EF976-8982-4C0C-AF7D-CA9BD1D70CB5}"
EndProject
Project("{FAE04EC0-301F-11D3-BF4B-00C04F79EFBC}") = "ExternalLibrary", "ExternalLibrary\ExternalLibrary.csproj", "{45C12D61-25CA-470A-9DC7-61F5B1841BA2}"
EndProject
Project("{FAE04EC0-301F-11D3-BF4B-00C04F79EFBC}") = "ReferenceAliases", "ReferenceAliases\ReferenceAliases.csproj", "{1903E618-52BD-47CF-80D6-56B0AD3BACE7}"
EndProject
Project("{FAE04EC0-301F-11D3-BF4B-00C04F79EFBC}") = "TypeForwardingClient", "TypeForwardingClient\TypeForwardingClient.csproj", "{D9EC0CFA-9E12-4AD5-BD68-AA2041D4EAC0}"
EndProject
Project("{FAE04EC0-301F-11D3-BF4B-00C04F79EFBC}") = "OldLibrary", "OldLibrary\OldLibrary.csproj", "{81A3F558-C33B-45DA-9B1D-3FEFF5E9EF1D}"
EndProject
Project("{FAE04EC0-301F-11D3-BF4B-00C04F79EFBC}") = "NewLibrary", "NewLibrary\NewLibrary.csproj", "{57E13AAD-FE66-49D2-ADDC-3F2493B5886A}"
EndProject
Project("{FAE04EC0-301F-11D3-BF4B-00C04F79EFBC}") = "Indexes", "Indexes\Indexes.csproj", "{CE829748-6894-43EB-B144-1E958316FA73}"
EndProject
Project("{FAE04EC0-301F-11D3-BF4B-00C04F79EFBC}") = "DynamicHashes", "DynamicHashes\DynamicHashes.csproj", "{651BC2B4-E160-4E04-9BC6-31BCCE33457C}"
EndProject
Project("{FAE04EC0-301F-11D3-BF4B-00C04F79EFBC}") = "Rounding", "Rounding\Rounding.csproj", "{E12D37A8-7D65-4F88-AFD9-E67C4C38279D}"
EndProject
Global
	GlobalSection(SolutionConfigurationPlatforms) = preSolution
		Debug|Any CPU = Debug|Any CPU
		Release|Any CPU = Release|Any CPU
	EndGlobalSection
	GlobalSection(ProjectConfigurationPlatforms) = postSolution
		{45C12D61-25CA-470A-9DC7-61F5B1841BA2}.Debug|Any CPU.ActiveCfg = Debug|Any CPU
		{45C12D61-25CA-470A-9DC7-61F5B1841BA2}.Debug|Any CPU.Build.0 = Debug|Any CPU
		{45C12D61-25CA-470A-9DC7-61F5B1841BA2}.Release|Any CPU.ActiveCfg = Release|Any CPU
		{45C12D61-25CA-470A-9DC7-61F5B1841BA2}.Release|Any CPU.Build.0 = Release|Any CPU
		{1903E618-52BD-47CF-80D6-56B0AD3BACE7}.Debug|Any CPU.ActiveCfg = Debug|Any CPU
		{1903E618-52BD-47CF-80D6-56B0AD3BACE7}.Debug|Any CPU.Build.0 = Debug|Any CPU
		{1903E618-52BD-47CF-80D6-56B0AD3BACE7}.Release|Any CPU.ActiveCfg = Release|Any CPU
		{1903E618-52BD-47CF-80D6-56B0AD3BACE7}.Release|Any CPU.Build.0 = Release|Any CPU
		{D9EC0CFA-9E12-4AD5-BD68-AA2041D4EAC0}.Debug|Any CPU.ActiveCfg = Debug|Any CPU
		{D9EC0CFA-9E12-4AD5-BD68-AA2041D4EAC0}.Debug|Any CPU.Build.0 = Debug|Any CPU
		{D9EC0CFA-9E12-4AD5-BD68-AA2041D4EAC0}.Release|Any CPU.ActiveCfg = Release|Any CPU
		{D9EC0CFA-9E12-4AD5-BD68-AA2041D4EAC0}.Release|Any CPU.Build.0 = Release|Any CPU
		{81A3F558-C33B-45DA-9B1D-3FEFF5E9EF1D}.Debug|Any CPU.ActiveCfg = Debug|Any CPU
		{81A3F558-C33B-45DA-9B1D-3FEFF5E9EF1D}.Debug|Any CPU.Build.0 = Debug|Any CPU
		{81A3F558-C33B-45DA-9B1D-3FEFF5E9EF1D}.Release|Any CPU.ActiveCfg = Release|Any CPU
		{81A3F558-C33B-45DA-9B1D-3FEFF5E9EF1D}.Release|Any CPU.Build.0 = Release|Any CPU
		{57E13AAD-FE66-49D2-ADDC-3F2493B5886A}.Debug|Any CPU.ActiveCfg = Debug|Any CPU
		{57E13AAD-FE66-49D2-ADDC-3F2493B5886A}.Debug|Any CPU.Build.0 = Debug|Any CPU
		{57E13AAD-FE66-49D2-ADDC-3F2493B5886A}.Release|Any CPU.ActiveCfg = Release|Any CPU
		{57E13AAD-FE66-49D2-ADDC-3F2493B5886A}.Release|Any CPU.Build.0 = Release|Any CPU
		{CE829748-6894-43EB-B144-1E958316FA73}.Debug|Any CPU.ActiveCfg = Debug|Any CPU
		{CE829748-6894-43EB-B144-1E958316FA73}.Debug|Any CPU.Build.0 = Debug|Any CPU
		{CE829748-6894-43EB-B144-1E958316FA73}.Release|Any CPU.ActiveCfg = Release|Any CPU
		{CE829748-6894-43EB-B144-1E958316FA73}.Release|Any CPU.Build.0 = Release|Any CPU
		{651BC2B4-E160-4E04-9BC6-31BCCE33457C}.Debug|Any CPU.ActiveCfg = Debug|Any CPU
		{651BC2B4-E160-4E04-9BC6-31BCCE33457C}.Debug|Any CPU.Build.0 = Debug|Any CPU
		{651BC2B4-E160-4E04-9BC6-31BCCE33457C}.Release|Any CPU.ActiveCfg = Release|Any CPU
		{651BC2B4-E160-4E04-9BC6-31BCCE33457C}.Release|Any CPU.Build.0 = Release|Any CPU
		{E12D37A8-7D65-4F88-AFD9-E67C4C38279D}.Debug|Any CPU.ActiveCfg = Debug|Any CPU
		{E12D37A8-7D65-4F88-AFD9-E67C4C38279D}.Debug|Any CPU.Build.0 = Debug|Any CPU
		{E12D37A8-7D65-4F88-AFD9-E67C4C38279D}.Release|Any CPU.ActiveCfg = Release|Any CPU
		{E12D37A8-7D65-4F88-AFD9-E67C4C38279D}.Release|Any CPU.Build.0 = Release|Any CPU
	EndGlobalSection
	GlobalSection(SolutionProperties) = preSolution
		HideSolutionNode = FALSE
	EndGlobalSection
	GlobalSection(NestedProjects) = preSolution
		{45C12D61-25CA-470A-9DC7-61F5B1841BA2} = {0090C6D1-1D18-4108-83D3-4128A9F051F9}
		{1903E618-52BD-47CF-80D6-56B0AD3BACE7} = {0090C6D1-1D18-4108-83D3-4128A9F051F9}
		{D9EC0CFA-9E12-4AD5-BD68-AA2041D4EAC0} = {826D2C4B-6D1D-4B31-8D97-70E9246075B3}
		{81A3F558-C33B-45DA-9B1D-3FEFF5E9EF1D} = {826D2C4B-6D1D-4B31-8D97-70E9246075B3}
		{57E13AAD-FE66-49D2-ADDC-3F2493B5886A} = {826D2C4B-6D1D-4B31-8D97-70E9246075B3}
		{CE829748-6894-43EB-B144-1E958316FA73} = {019A4D86-9580-42CF-93E4-C7D816B815FC}
		{651BC2B4-E160-4E04-9BC6-31BCCE33457C} = {41FDF3DF-6DC5-43D5-B934-00952AD3D824}
		{E12D37A8-7D65-4F88-AFD9-E67C4C38279D} = {C463D193-C398-4204-AB1D-D3571930795A}
	EndGlobalSection
EndGlobal
